
Microsoft Visual Studio Solution File, Format Version 12.00
# Visual Studio Version 16
VisualStudioVersion = 16.0.30717.126
MinimumVisualStudioVersion = 10.0.40219.1
Project("{FAE04EC0-301F-11D3-BF4B-00C04F79EFBC}") = "FirstApp", "FirstApp.csproj", "{A6B3BF4D-B835-4C58-BCA7-8F604C241899}"
EndProject
Global
	GlobalSection(SolutionConfigurationPlatforms) = preSolution
		Debug|Any CPU = Debug|Any CPU
		Release|Any CPU = Release|Any CPU
	EndGlobalSection
	GlobalSection(ProjectConfigurationPlatforms) = postSolution
		{A6B3BF4D-B835-4C58-BCA7-8F604C241899}.Debug|Any CPU.ActiveCfg = Debug|Any CPU
		{A6B3BF4D-B835-4C58-BCA7-8F604C241899}.Debug|Any CPU.Build.0 = Debug|Any CPU
		{A6B3BF4D-B835-4C58-BCA7-8F604C241899}.Release|Any CPU.ActiveCfg = Release|Any CPU
		{A6B3BF4D-B835-4C58-BCA7-8F604C241899}.Release|Any CPU.Build.0 = Release|Any CPU
	EndGlobalSection
	GlobalSection(SolutionProperties) = preSolution
		HideSolutionNode = FALSE
	EndGlobalSection
	GlobalSection(ExtensibilityGlobals) = postSolution
		SolutionGuid = {0DB15DA6-130B-4EE6-999C-03A9944F01D6}
	EndGlobalSection
EndGlobal
